
Microsoft Visual Studio Solution File, Format Version 12.00
# Visual Studio Version 16
VisualStudioVersion = 16.0.30517.126
MinimumVisualStudioVersion = 10.0.40219.1
Project("{FAE04EC0-301F-11D3-BF4B-00C04F79EFBC}") = "GC_MovieAPI", "GC_MovieAPI\GC_MovieAPI.csproj", "{FD30806D-9AA8-45D2-AA09-40D272425871}"
EndProject
Project("{FAE04EC0-301F-11D3-BF4B-00C04F79EFBC}") = "ReadMovieAPI", "ReadMovieAPI\ReadMovieAPI.csproj", "{75A5B682-D9CD-49F6-9461-632AB4548567}"
EndProject
Global
	GlobalSection(SolutionConfigurationPlatforms) = preSolution
		Debug|Any CPU = Debug|Any CPU
		Release|Any CPU = Release|Any CPU
	EndGlobalSection
	GlobalSection(ProjectConfigurationPlatforms) = postSolution
		{FD30806D-9AA8-45D2-AA09-40D272425871}.Debug|Any CPU.ActiveCfg = Debug|Any CPU
		{FD30806D-9AA8-45D2-AA09-40D272425871}.Debug|Any CPU.Build.0 = Debug|Any CPU
		{FD30806D-9AA8-45D2-AA09-40D272425871}.Release|Any CPU.ActiveCfg = Release|Any CPU
		{FD30806D-9AA8-45D2-AA09-40D272425871}.Release|Any CPU.Build.0 = Release|Any CPU
		{75A5B682-D9CD-49F6-9461-632AB4548567}.Debug|Any CPU.ActiveCfg = Debug|Any CPU
		{75A5B682-D9CD-49F6-9461-632AB4548567}.Debug|Any CPU.Build.0 = Debug|Any CPU
		{75A5B682-D9CD-49F6-9461-632AB4548567}.Release|Any CPU.ActiveCfg = Release|Any CPU
		{75A5B682-D9CD-49F6-9461-632AB4548567}.Release|Any CPU.Build.0 = Release|Any CPU
	EndGlobalSection
	GlobalSection(SolutionProperties) = preSolution
		HideSolutionNode = FALSE
	EndGlobalSection
	GlobalSection(ExtensibilityGlobals) = postSolution
		SolutionGuid = {FCDCC4FE-4DFE-4D63-8930-42FBD5049497}
	EndGlobalSection
EndGlobal
